
Microsoft Visual Studio Solution File, Format Version 12.00
# Visual Studio Version 17
VisualStudioVersion = 17.12.35527.113 d17.12
MinimumVisualStudioVersion = 10.0.40219.1
Project("{FAE04EC0-301F-11D3-BF4B-00C04F79EFBC}") = "ChatServer", "ChatServer\ChatServer.csproj", "{B9BC1BE7-6045-45AC-B25A-600F74E9102A}"
EndProject
Project("{FAE04EC0-301F-11D3-BF4B-00C04F79EFBC}") = "ChatClient", "ChatClient\ChatClient.csproj", "{A5A16B63-D5E2-4508-8251-04299B1A5E3E}"
EndProject
Global
	GlobalSection(SolutionConfigurationPlatforms) = preSolution
		Debug|Any CPU = Debug|Any CPU
		Release|Any CPU = Release|Any CPU
	EndGlobalSection
	GlobalSection(ProjectConfigurationPlatforms) = postSolution
		{B9BC1BE7-6045-45AC-B25A-600F74E9102A}.Debug|Any CPU.ActiveCfg = Debug|Any CPU
		{B9BC1BE7-6045-45AC-B25A-600F74E9102A}.Debug|Any CPU.Build.0 = Debug|Any CPU
		{B9BC1BE7-6045-45AC-B25A-600F74E9102A}.Release|Any CPU.ActiveCfg = Release|Any CPU
		{B9BC1BE7-6045-45AC-B25A-600F74E9102A}.Release|Any CPU.Build.0 = Release|Any CPU
		{A5A16B63-D5E2-4508-8251-04299B1A5E3E}.Debug|Any CPU.ActiveCfg = Debug|Any CPU
		{A5A16B63-D5E2-4508-8251-04299B1A5E3E}.Debug|Any CPU.Build.0 = Debug|Any CPU
		{A5A16B63-D5E2-4508-8251-04299B1A5E3E}.Release|Any CPU.ActiveCfg = Release|Any CPU
		{A5A16B63-D5E2-4508-8251-04299B1A5E3E}.Release|Any CPU.Build.0 = Release|Any CPU
	EndGlobalSection
	GlobalSection(SolutionProperties) = preSolution
		HideSolutionNode = FALSE
	EndGlobalSection
EndGlobal
